
Microsoft Visual Studio Solution File, Format Version 12.00
# Visual Studio Version 16
VisualStudioVersion = 16.0.29324.140
MinimumVisualStudioVersion = 10.0.40219.1
Project("{FAE04EC0-301F-11D3-BF4B-00C04F79EFBC}") = "NDP PROJE ODEVI", "NDP PROJE ODEVI\NDP PROJE ODEVI.csproj", "{2281025D-6B49-454D-9350-2D703C117370}"
EndProject
Global
	GlobalSection(SolutionConfigurationPlatforms) = preSolution
		Debug|Any CPU = Debug|Any CPU
		Release|Any CPU = Release|Any CPU
	EndGlobalSection
	GlobalSection(ProjectConfigurationPlatforms) = postSolution
		{2281025D-6B49-454D-9350-2D703C117370}.Debug|Any CPU.ActiveCfg = Debug|Any CPU
		{2281025D-6B49-454D-9350-2D703C117370}.Debug|Any CPU.Build.0 = Debug|Any CPU
		{2281025D-6B49-454D-9350-2D703C117370}.Release|Any CPU.ActiveCfg = Release|Any CPU
		{2281025D-6B49-454D-9350-2D703C117370}.Release|Any CPU.Build.0 = Release|Any CPU
	EndGlobalSection
	GlobalSection(SolutionProperties) = preSolution
		HideSolutionNode = FALSE
	EndGlobalSection
	GlobalSection(ExtensibilityGlobals) = postSolution
		SolutionGuid = {C52C3CC0-7847-4620-884A-920FC02FC2C7}
	EndGlobalSection
EndGlobal
